
Microsoft Visual Studio Solution File, Format Version 12.00
# Visual Studio Version 16
VisualStudioVersion = 16.0.31321.278
MinimumVisualStudioVersion = 10.0.40219.1
Project("{FAE04EC0-301F-11D3-BF4B-00C04F79EFBC}") = "lab2", "lab2.csproj", "{4AAB4065-2D6D-4E17-B913-225E88E028D4}"
EndProject
Global
	GlobalSection(SolutionConfigurationPlatforms) = preSolution
		Debug|Any CPU = Debug|Any CPU
		Release|Any CPU = Release|Any CPU
	EndGlobalSection
	GlobalSection(ProjectConfigurationPlatforms) = postSolution
		{4AAB4065-2D6D-4E17-B913-225E88E028D4}.Debug|Any CPU.ActiveCfg = Debug|Any CPU
		{4AAB4065-2D6D-4E17-B913-225E88E028D4}.Debug|Any CPU.Build.0 = Debug|Any CPU
		{4AAB4065-2D6D-4E17-B913-225E88E028D4}.Release|Any CPU.ActiveCfg = Release|Any CPU
		{4AAB4065-2D6D-4E17-B913-225E88E028D4}.Release|Any CPU.Build.0 = Release|Any CPU
	EndGlobalSection
	GlobalSection(SolutionProperties) = preSolution
		HideSolutionNode = FALSE
	EndGlobalSection
	GlobalSection(ExtensibilityGlobals) = postSolution
		SolutionGuid = {BAB3BFF5-8244-4B7E-B602-16AFDFCB2D96}
	EndGlobalSection
EndGlobal
