
Microsoft Visual Studio Solution File, Format Version 12.00
# Visual Studio Version 16
VisualStudioVersion = 16.0.31321.278
MinimumVisualStudioVersion = 10.0.40219.1
Project("{8BC9CEB8-8B4A-11D0-8D11-00A0C91BC942}") = "1 zadanie", "1 zadanie.vcxproj", "{23EEB630-5CAB-4D27-BDB0-7CA4CCB54CB1}"
EndProject
Global
	GlobalSection(SolutionConfigurationPlatforms) = preSolution
		Debug|x64 = Debug|x64
		Debug|x86 = Debug|x86
		Release|x64 = Release|x64
		Release|x86 = Release|x86
	EndGlobalSection
	GlobalSection(ProjectConfigurationPlatforms) = postSolution
		{23EEB630-5CAB-4D27-BDB0-7CA4CCB54CB1}.Debug|x64.ActiveCfg = Debug|x64
		{23EEB630-5CAB-4D27-BDB0-7CA4CCB54CB1}.Debug|x64.Build.0 = Debug|x64
		{23EEB630-5CAB-4D27-BDB0-7CA4CCB54CB1}.Debug|x86.ActiveCfg = Debug|Win32
		{23EEB630-5CAB-4D27-BDB0-7CA4CCB54CB1}.Debug|x86.Build.0 = Debug|Win32
		{23EEB630-5CAB-4D27-BDB0-7CA4CCB54CB1}.Release|x64.ActiveCfg = Release|x64
		{23EEB630-5CAB-4D27-BDB0-7CA4CCB54CB1}.Release|x64.Build.0 = Release|x64
		{23EEB630-5CAB-4D27-BDB0-7CA4CCB54CB1}.Release|x86.ActiveCfg = Release|Win32
		{23EEB630-5CAB-4D27-BDB0-7CA4CCB54CB1}.Release|x86.Build.0 = Release|Win32
	EndGlobalSection
	GlobalSection(SolutionProperties) = preSolution
		HideSolutionNode = FALSE
	EndGlobalSection
	GlobalSection(ExtensibilityGlobals) = postSolution
		SolutionGuid = {71E79021-37EF-4E3F-B045-7D813C44D4FE}
	EndGlobalSection
EndGlobal
