
Microsoft Visual Studio Solution File, Format Version 11.00
# Visual Studio 2010
Project("{FAE04EC0-301F-11D3-BF4B-00C04F79EFBC}") = "Assembly-CSharp", "Assembly-CSharp.csproj", "{723DE9C4-85B1-F8C7-4836-57A18D158594}"
EndProject
Project("{FAE04EC0-301F-11D3-BF4B-00C04F79EFBC}") = "Assembly-CSharp-firstpass", "Assembly-CSharp-firstpass.csproj", "{6A03FF0F-ADB9-44A4-E4C2-29CA89C83B45}"
EndProject
Project("{FAE04EC0-301F-11D3-BF4B-00C04F79EFBC}") = "Assembly-CSharp-Editor-firstpass", "Assembly-CSharp-Editor-firstpass.csproj", "{26468C59-3CAD-B828-9BA3-60E711C2F81B}"
EndProject
Global
	GlobalSection(SolutionConfigurationPlatforms) = preSolution
		Debug|Any CPU = Debug|Any CPU
		Release|Any CPU = Release|Any CPU
	EndGlobalSection
	GlobalSection(ProjectConfigurationPlatforms) = postSolution
		{723DE9C4-85B1-F8C7-4836-57A18D158594}.Debug|Any CPU.ActiveCfg = Debug|Any CPU
		{723DE9C4-85B1-F8C7-4836-57A18D158594}.Debug|Any CPU.Build.0 = Debug|Any CPU
		{723DE9C4-85B1-F8C7-4836-57A18D158594}.Release|Any CPU.ActiveCfg = Release|Any CPU
		{723DE9C4-85B1-F8C7-4836-57A18D158594}.Release|Any CPU.Build.0 = Release|Any CPU
		{6A03FF0F-ADB9-44A4-E4C2-29CA89C83B45}.Debug|Any CPU.ActiveCfg = Debug|Any CPU
		{6A03FF0F-ADB9-44A4-E4C2-29CA89C83B45}.Debug|Any CPU.Build.0 = Debug|Any CPU
		{6A03FF0F-ADB9-44A4-E4C2-29CA89C83B45}.Release|Any CPU.ActiveCfg = Release|Any CPU
		{6A03FF0F-ADB9-44A4-E4C2-29CA89C83B45}.Release|Any CPU.Build.0 = Release|Any CPU
		{26468C59-3CAD-B828-9BA3-60E711C2F81B}.Debug|Any CPU.ActiveCfg = Debug|Any CPU
		{26468C59-3CAD-B828-9BA3-60E711C2F81B}.Debug|Any CPU.Build.0 = Debug|Any CPU
		{26468C59-3CAD-B828-9BA3-60E711C2F81B}.Release|Any CPU.ActiveCfg = Release|Any CPU
		{26468C59-3CAD-B828-9BA3-60E711C2F81B}.Release|Any CPU.Build.0 = Release|Any CPU
	EndGlobalSection
	GlobalSection(SolutionProperties) = preSolution
		HideSolutionNode = FALSE
	EndGlobalSection
	GlobalSection(MonoDevelopProperties) = preSolution
		StartupItem = Assembly-CSharp.csproj
	EndGlobalSection
EndGlobal
